
Microsoft Visual Studio Solution File, Format Version 12.00
# Visual Studio Version 16
VisualStudioVersion = 16.0.31205.134
MinimumVisualStudioVersion = 10.0.40219.1
Project("{FAE04EC0-301F-11D3-BF4B-00C04F79EFBC}") = "Client", "Client.csproj", "{37B2212C-6CF3-4B47-96E0-4DA5B405F4D7}"
EndProject
Global
	GlobalSection(SolutionConfigurationPlatforms) = preSolution
		Debug|Any CPU = Debug|Any CPU
		Release|Any CPU = Release|Any CPU
	EndGlobalSection
	GlobalSection(ProjectConfigurationPlatforms) = postSolution
		{37B2212C-6CF3-4B47-96E0-4DA5B405F4D7}.Debug|Any CPU.ActiveCfg = Debug|Any CPU
		{37B2212C-6CF3-4B47-96E0-4DA5B405F4D7}.Debug|Any CPU.Build.0 = Debug|Any CPU
		{37B2212C-6CF3-4B47-96E0-4DA5B405F4D7}.Release|Any CPU.ActiveCfg = Release|Any CPU
		{37B2212C-6CF3-4B47-96E0-4DA5B405F4D7}.Release|Any CPU.Build.0 = Release|Any CPU
	EndGlobalSection
	GlobalSection(SolutionProperties) = preSolution
		HideSolutionNode = FALSE
	EndGlobalSection
	GlobalSection(ExtensibilityGlobals) = postSolution
		SolutionGuid = {00C33172-B4D0-4AD1-9490-09FE8D47794A}
	EndGlobalSection
EndGlobal
